
Microsoft Visual Studio Solution File, Format Version 12.00
# Visual Studio Version 17
VisualStudioVersion = 17.5.33414.496
MinimumVisualStudioVersion = 10.0.40219.1
Project("{FAE04EC0-301F-11D3-BF4B-00C04F79EFBC}") = "CatFactWritter", "CatFactWritter\CatFactWritter.csproj", "{AA94FF88-90DF-4F2A-A0F2-5844EE5E1D30}"
EndProject
Global
	GlobalSection(SolutionConfigurationPlatforms) = preSolution
		Debug|Any CPU = Debug|Any CPU
		Release|Any CPU = Release|Any CPU
	EndGlobalSection
	GlobalSection(ProjectConfigurationPlatforms) = postSolution
		{AA94FF88-90DF-4F2A-A0F2-5844EE5E1D30}.Debug|Any CPU.ActiveCfg = Debug|Any CPU
		{AA94FF88-90DF-4F2A-A0F2-5844EE5E1D30}.Debug|Any CPU.Build.0 = Debug|Any CPU
		{AA94FF88-90DF-4F2A-A0F2-5844EE5E1D30}.Release|Any CPU.ActiveCfg = Release|Any CPU
		{AA94FF88-90DF-4F2A-A0F2-5844EE5E1D30}.Release|Any CPU.Build.0 = Release|Any CPU
	EndGlobalSection
	GlobalSection(SolutionProperties) = preSolution
		HideSolutionNode = FALSE
	EndGlobalSection
	GlobalSection(ExtensibilityGlobals) = postSolution
		SolutionGuid = {96B4C5FC-EF29-4BE4-8B6E-3C9AF787BDE6}
	EndGlobalSection
EndGlobal
